PODS:
  - ReachabilitySwift (5.2.4)
  - SLEssentials (1.1.0):
    - SLEssentials/AuthenticationManager (= 1.1.0)
    - SLEssentials/Core (= 1.1.0)
    - SLEssentials/Networking (= 1.1.0)
  - SLEssentials/AuthenticationManager (1.1.0)
  - SLEssentials/Core (1.1.0):
    - TinyConstraints
  - SLEssentials/Networking (1.1.0):
    - ReachabilitySwift
  - TinyConstraints (4.0.2)

DEPENDENCIES:
  - SLEssentials (from `../`)

SPEC REPOS:
  trunk:
    - ReachabilitySwift
    - TinyConstraints

EXTERNAL SOURCES:
  SLEssentials:
    :path: "../"

SPEC CHECKSUMS:
  ReachabilitySwift: 32793e867593cfc1177f5d16491e3a197d2fccda
  SLEssentials: 72bb3b1fee7faf0cf4ae1804cc7d078596cc1e28
  TinyConstraints: 7b7ccc0c485bb3bb47082138ff28bc33cd49897f

PODFILE CHECKSUM: 6517fd574a8e91977223bcf84fc78b73dab9677e

COCOAPODS: 1.16.2
